
Microsoft Visual Studio Solution File, Format Version 12.00
# Visual Studio 15
Project("{FAE04EC0-301F-11D3-BF4B-00C04F79EFBC}") = "Assembly-CSharp", "Assembly-CSharp.csproj", "{DCD5D8B0-0DF0-E337-8BA9-35D8B84DAB40}"
EndProject
Project("{FAE04EC0-301F-11D3-BF4B-00C04F79EFBC}") = "Assembly-CSharp-Editor", "Assembly-CSharp-Editor.csproj", "{543BEF34-CD70-3C65-46C5-F96A1989FCAF}"
EndProject
Global
	GlobalSection(SolutionConfigurationPlatforms) = preSolution
		Debug|Any CPU = Debug|Any CPU
		Release|Any CPU = Release|Any CPU
	EndGlobalSection
	GlobalSection(ProjectConfigurationPlatforms) = postSolution
		{DCD5D8B0-0DF0-E337-8BA9-35D8B84DAB40}.Debug|Any CPU.ActiveCfg = Debug|Any CPU
		{DCD5D8B0-0DF0-E337-8BA9-35D8B84DAB40}.Debug|Any CPU.Build.0 = Debug|Any CPU
		{DCD5D8B0-0DF0-E337-8BA9-35D8B84DAB40}.Release|Any CPU.ActiveCfg = Release|Any CPU
		{DCD5D8B0-0DF0-E337-8BA9-35D8B84DAB40}.Release|Any CPU.Build.0 = Release|Any CPU
		{543BEF34-CD70-3C65-46C5-F96A1989FCAF}.Debug|Any CPU.ActiveCfg = Debug|Any CPU
		{543BEF34-CD70-3C65-46C5-F96A1989FCAF}.Debug|Any CPU.Build.0 = Debug|Any CPU
		{543BEF34-CD70-3C65-46C5-F96A1989FCAF}.Release|Any CPU.ActiveCfg = Release|Any CPU
		{543BEF34-CD70-3C65-46C5-F96A1989FCAF}.Release|Any CPU.Build.0 = Release|Any CPU
	EndGlobalSection
	GlobalSection(SolutionProperties) = preSolution
		HideSolutionNode = FALSE
	EndGlobalSection
EndGlobal
